
Microsoft Visual Studio Solution File, Format Version 12.00
# Visual Studio Version 16
VisualStudioVersion = 16.0.30804.86
MinimumVisualStudioVersion = 10.0.40219.1
Project("{FAE04EC0-301F-11D3-BF4B-00C04F79EFBC}") = "AuthTEst", "AuthTEst.csproj", "{A4B32A59-0057-4B6F-A8D7-4A26B42F6264}"
EndProject
Global
	GlobalSection(SolutionConfigurationPlatforms) = preSolution
		Debug|Any CPU = Debug|Any CPU
		Release|Any CPU = Release|Any CPU
	EndGlobalSection
	GlobalSection(ProjectConfigurationPlatforms) = postSolution
		{A4B32A59-0057-4B6F-A8D7-4A26B42F6264}.Debug|Any CPU.ActiveCfg = Debug|Any CPU
		{A4B32A59-0057-4B6F-A8D7-4A26B42F6264}.Debug|Any CPU.Build.0 = Debug|Any CPU
		{A4B32A59-0057-4B6F-A8D7-4A26B42F6264}.Release|Any CPU.ActiveCfg = Release|Any CPU
		{A4B32A59-0057-4B6F-A8D7-4A26B42F6264}.Release|Any CPU.Build.0 = Release|Any CPU
	EndGlobalSection
	GlobalSection(SolutionProperties) = preSolution
		HideSolutionNode = FALSE
	EndGlobalSection
	GlobalSection(ExtensibilityGlobals) = postSolution
		SolutionGuid = {781AAC23-EF6A-45A0-8D18-3B344CCA6341}
	EndGlobalSection
EndGlobal
